
Microsoft Visual Studio Solution File, Format Version 12.00
# Visual Studio 15
VisualStudioVersion = 15.0.28010.2041
MinimumVisualStudioVersion = 10.0.40219.1
Project("{FAE04EC0-301F-11D3-BF4B-00C04F79EFBC}") = "MarkdownToc", "MarkdownToc\MarkdownToc.csproj", "{A540A0EF-92B2-4560-8D8C-62DE5C29B14B}"
EndProject
Global
	GlobalSection(SolutionConfigurationPlatforms) = preSolution
		Debug|Any CPU = Debug|Any CPU
		Release|Any CPU = Release|Any CPU
	EndGlobalSection
	GlobalSection(ProjectConfigurationPlatforms) = postSolution
		{A540A0EF-92B2-4560-8D8C-62DE5C29B14B}.Debug|Any CPU.ActiveCfg = Debug|Any CPU
		{A540A0EF-92B2-4560-8D8C-62DE5C29B14B}.Debug|Any CPU.Build.0 = Debug|Any CPU
		{A540A0EF-92B2-4560-8D8C-62DE5C29B14B}.Release|Any CPU.ActiveCfg = Release|Any CPU
		{A540A0EF-92B2-4560-8D8C-62DE5C29B14B}.Release|Any CPU.Build.0 = Release|Any CPU
	EndGlobalSection
	GlobalSection(SolutionProperties) = preSolution
		HideSolutionNode = FALSE
	EndGlobalSection
	GlobalSection(ExtensibilityGlobals) = postSolution
		SolutionGuid = {A4A8F084-477B-466B-9FB5-882339E885AF}
	EndGlobalSection
EndGlobal
